
Microsoft Visual Studio Solution File, Format Version 12.00
# Visual Studio Version 17
VisualStudioVersion = 17.5.33530.505
MinimumVisualStudioVersion = 10.0.40219.1
Project("{FAE04EC0-301F-11D3-BF4B-00C04F79EFBC}") = "CicekProjesiUI", "CicekProjesiUI\CicekProjesiUI.csproj", "{AA024D79-9263-4FE3-8EDD-DAD1A6DCEAB8}"
EndProject
Project("{FAE04EC0-301F-11D3-BF4B-00C04F79EFBC}") = "CicekProjesiDL", "CicekProjesiDAL\CicekProjesiDL.csproj", "{3F26A757-DBA9-40EF-B36A-A3679AB66CEA}"
EndProject
Project("{FAE04EC0-301F-11D3-BF4B-00C04F79EFBC}") = "CicekProjesiBL", "CicekProjesiBLL\CicekProjesiBL.csproj", "{4C651D4D-A7AC-42C7-A239-DF2489F23681}"
EndProject
Global
	GlobalSection(SolutionConfigurationPlatforms) = preSolution
		Debug|Any CPU = Debug|Any CPU
		Release|Any CPU = Release|Any CPU
	EndGlobalSection
	GlobalSection(ProjectConfigurationPlatforms) = postSolution
		{AA024D79-9263-4FE3-8EDD-DAD1A6DCEAB8}.Debug|Any CPU.ActiveCfg = Debug|Any CPU
		{AA024D79-9263-4FE3-8EDD-DAD1A6DCEAB8}.Debug|Any CPU.Build.0 = Debug|Any CPU
		{AA024D79-9263-4FE3-8EDD-DAD1A6DCEAB8}.Release|Any CPU.ActiveCfg = Release|Any CPU
		{AA024D79-9263-4FE3-8EDD-DAD1A6DCEAB8}.Release|Any CPU.Build.0 = Release|Any CPU
		{3F26A757-DBA9-40EF-B36A-A3679AB66CEA}.Debug|Any CPU.ActiveCfg = Debug|Any CPU
		{3F26A757-DBA9-40EF-B36A-A3679AB66CEA}.Debug|Any CPU.Build.0 = Debug|Any CPU
		{3F26A757-DBA9-40EF-B36A-A3679AB66CEA}.Release|Any CPU.ActiveCfg = Release|Any CPU
		{3F26A757-DBA9-40EF-B36A-A3679AB66CEA}.Release|Any CPU.Build.0 = Release|Any CPU
		{4C651D4D-A7AC-42C7-A239-DF2489F23681}.Debug|Any CPU.ActiveCfg = Debug|Any CPU
		{4C651D4D-A7AC-42C7-A239-DF2489F23681}.Debug|Any CPU.Build.0 = Debug|Any CPU
		{4C651D4D-A7AC-42C7-A239-DF2489F23681}.Release|Any CPU.ActiveCfg = Release|Any CPU
		{4C651D4D-A7AC-42C7-A239-DF2489F23681}.Release|Any CPU.Build.0 = Release|Any CPU
	EndGlobalSection
	GlobalSection(SolutionProperties) = preSolution
		HideSolutionNode = FALSE
	EndGlobalSection
	GlobalSection(ExtensibilityGlobals) = postSolution
		SolutionGuid = {3C574F02-7810-4F4D-9F27-33C95043DEAF}
	EndGlobalSection
EndGlobal
